lockfileVersion: 5.4

specifiers:
  '@actions/core': ^1.9.0
  afdian: ^0.0.2
  undici: ^5.6.0

dependencies:
  '@actions/core': 1.9.0
  afdian: 0.0.2
  undici: 5.6.0

packages:

  /@actions/core/1.9.0:
    resolution: {integrity: sha512-5pbM693Ih59ZdUhgk+fts+bUWTnIdHV3kwOSr+QIoFHMLg7Gzhwm0cifDY/AG68ekEJAkHnQVpcy4f6GjmzBCA==}
    dependencies:
      '@actions/http-client': 2.0.1
    dev: false

  /@actions/http-client/2.0.1:
    resolution: {integrity: sha512-PIXiMVtz6VvyaRsGY268qvj57hXQEpsYogYOu2nrQhlf+XCGmZstmuZBbAybUl1nQGnvS1k1eEsQ69ZoD7xlSw==}
    dependencies:
      tunnel: 0.0.6
    dev: false

  /afdian/0.0.2:
    resolution: {integrity: sha512-wrELMhRnyZDTHunpTH8fUTpNZIcpchTVRmdFpwV6NQnfHdaoH+s4zCeUdmWuTs5YnSjyDQZJh1UiYle5p186qA==}
    dependencies:
      crypto-js: 4.1.1
      isomorphic-unfetch: 3.1.0
    transitivePeerDependencies:
      - encoding
    dev: false

  /crypto-js/4.1.1:
    resolution: {integrity: sha512-o2JlM7ydqd3Qk9CA0L4NL6mTzU2sdx96a+oOfPu8Mkl/PK51vSyoi8/rQ8NknZtk44vq15lmhAj9CIAGwgeWKw==}
    dev: false

  /isomorphic-unfetch/3.1.0:
    resolution: {integrity: sha512-geDJjpoZ8N0kWexiwkX8F9NkTsXhetLPVbZFQ+JTW239QNOwvB0gniuR1Wc6f0AMTn7/mFGyXvHTifrCp/GH8Q==}
    dependencies:
      node-fetch: 2.6.7
      unfetch: 4.2.0
    transitivePeerDependencies:
      - encoding
    dev: false

  /node-fetch/2.6.7:
    resolution: {integrity: sha512-ZjMPFEfVx5j+y2yF35Kzx5sF7kDzxuDj6ziH4FFbOp87zKDZNx8yExJIb05OGF4Nlt9IHFIMBkRl41VdvcNdbQ==}
    engines: {node: 4.x || >=6.0.0}
    peerDependencies:
      encoding: ^0.1.0
    peerDependenciesMeta:
      encoding:
        optional: true
    dependencies:
      whatwg-url: 5.0.0
    dev: false

  /tr46/0.0.3:
    resolution: {integrity: sha512-N3WMsuqV66lT30CrXNbEjx4GEwlow3v6rr4mCcv6prnfwhS01rkgyFdjPNBYd9br7LpXV1+Emh01fHnq2Gdgrw==}
    dev: false

  /tunnel/0.0.6:
    resolution: {integrity: sha512-1h/Lnq9yajKY2PEbBadPXj3VxsDDu844OnaAo52UVmIzIvwwtBPIuNvkjuzBlTWpfJyUbG3ez0KSBibQkj4ojg==}
    engines: {node: '>=0.6.11 <=0.7.0 || >=0.7.3'}
    dev: false

  /undici/5.6.0:
    resolution: {integrity: sha512-mc+8SY1fXubTrdx4CXDkeFFGV8lI3Tq4I/70U1V8Z6g4iscGII0uLO7CPnDt56bXEbvaKwo2T2+VrteWbZiXiQ==}
    engines: {node: '>=12.18'}
    dev: false

  /unfetch/4.2.0:
    resolution: {integrity: sha512-F9p7yYCn6cIW9El1zi0HI6vqpeIvBsr3dSuRO6Xuppb1u5rXpCPmMvLSyECLhybr9isec8Ohl0hPekMVrEinDA==}
    dev: false

  /webidl-conversions/3.0.1:
    resolution: {integrity: sha512-2JAn3z8AR6rjK8Sm8orRC0h/bcl/DqL7tRPdGZ4I1CjdF+EaMLmYxBHyXuKL849eucPFhvBoxMsflfOb8kxaeQ==}
    dev: false

  /whatwg-url/5.0.0:
    resolution: {integrity: sha512-saE57nupxk6v3HY35+jzBwYa0rKSy0XR8JSxZPwgLr7ys0IBzhGviA1/TUGJLmSVqs8pb9AnvICXEuOHLprYTw==}
    dependencies:
      tr46: 0.0.3
      webidl-conversions: 3.0.1
    dev: false
